
Microsoft Visual Studio Solution File, Format Version 12.00
# Visual Studio Version 17
VisualStudioVersion = 17.2.32519.379
MinimumVisualStudioVersion = 10.0.40219.1
Project("{9A19103F-16F7-4668-BE54-9A1E7A4F7556}") = "PrimeNumbers", "PrimeNumbers\PrimeNumbers.csproj", "{C6F12E0D-52FE-415B-B712-68241563123E}"
EndProject
Project("{9A19103F-16F7-4668-BE54-9A1E7A4F7556}") = "NumberRepetitionTimes", "NumberRepetitionTimes\NumberRepetitionTimes.csproj", "{8D438379-690A-42A7-8AAB-328158E20A15}"
EndProject
Project("{9A19103F-16F7-4668-BE54-9A1E7A4F7556}") = "FibonacciSeries", "FibonacciSeries\FibonacciSeries.csproj", "{C4E505B2-55F8-4C85-9E3C-AAE65FC50BDD}"
EndProject
Project("{9A19103F-16F7-4668-BE54-9A1E7A4F7556}") = "SwapTwoNumbers", "SwapTwoNumbers\SwapTwoNumbers.csproj", "{AF5EBF05-250D-4389-BC86-C5950E7718C0}"
EndProject
Project("{9A19103F-16F7-4668-BE54-9A1E7A4F7556}") = "SwapFirstAndLastNames", "SwapFirstAndLastNames\SwapFirstAndLastNames.csproj", "{7AC9E03C-5859-4ACE-8BA9-2F313FC7F1F4}"
EndProject
Project("{9A19103F-16F7-4668-BE54-9A1E7A4F7556}") = "NumberOfVowels", "NumberOfVowels\NumberOfVowels.csproj", "{A9653E85-8F79-4569-A4C0-1D8F532E7FEA}"
EndProject
Project("{9A19103F-16F7-4668-BE54-9A1E7A4F7556}") = "IsCharsIdenticalinString", "IsCharsIdenticalinString\IsCharsIdenticalinString.csproj", "{80E2969F-AAB5-4814-AFBA-5BCCD3F631F1}"
EndProject
Project("{9A19103F-16F7-4668-BE54-9A1E7A4F7556}") = "PrintMonthName", "PrintMonthName\PrintMonthName.csproj", "{B65892FF-E9B9-493A-9F09-959948CF9992}"
EndProject
Project("{9A19103F-16F7-4668-BE54-9A1E7A4F7556}") = "CodedString", "CodedString\CodedString.csproj", "{7B038B5C-303F-41FE-8509-5B4BE7B50082}"
EndProject
Project("{FAE04EC0-301F-11D3-BF4B-00C04F79EFBC}") = "MultiplesOfNumber", "MultiplesOfNumber\MultiplesOfNumber.csproj", "{1AC42184-5A67-4453-9C9D-0EC481EAC281}"
EndProject
Global
	GlobalSection(SolutionConfigurationPlatforms) = preSolution
		Debug|Any CPU = Debug|Any CPU
		Release|Any CPU = Release|Any CPU
	EndGlobalSection
	GlobalSection(ProjectConfigurationPlatforms) = postSolution
		{C6F12E0D-52FE-415B-B712-68241563123E}.Debug|Any CPU.ActiveCfg = Debug|Any CPU
		{C6F12E0D-52FE-415B-B712-68241563123E}.Debug|Any CPU.Build.0 = Debug|Any CPU
		{C6F12E0D-52FE-415B-B712-68241563123E}.Release|Any CPU.ActiveCfg = Release|Any CPU
		{C6F12E0D-52FE-415B-B712-68241563123E}.Release|Any CPU.Build.0 = Release|Any CPU
		{8D438379-690A-42A7-8AAB-328158E20A15}.Debug|Any CPU.ActiveCfg = Debug|Any CPU
		{8D438379-690A-42A7-8AAB-328158E20A15}.Debug|Any CPU.Build.0 = Debug|Any CPU
		{8D438379-690A-42A7-8AAB-328158E20A15}.Release|Any CPU.ActiveCfg = Release|Any CPU
		{8D438379-690A-42A7-8AAB-328158E20A15}.Release|Any CPU.Build.0 = Release|Any CPU
		{C4E505B2-55F8-4C85-9E3C-AAE65FC50BDD}.Debug|Any CPU.ActiveCfg = Debug|Any CPU
		{C4E505B2-55F8-4C85-9E3C-AAE65FC50BDD}.Debug|Any CPU.Build.0 = Debug|Any CPU
		{C4E505B2-55F8-4C85-9E3C-AAE65FC50BDD}.Release|Any CPU.ActiveCfg = Release|Any CPU
		{C4E505B2-55F8-4C85-9E3C-AAE65FC50BDD}.Release|Any CPU.Build.0 = Release|Any CPU
		{AF5EBF05-250D-4389-BC86-C5950E7718C0}.Debug|Any CPU.ActiveCfg = Debug|Any CPU
		{AF5EBF05-250D-4389-BC86-C5950E7718C0}.Debug|Any CPU.Build.0 = Debug|Any CPU
		{AF5EBF05-250D-4389-BC86-C5950E7718C0}.Release|Any CPU.ActiveCfg = Release|Any CPU
		{AF5EBF05-250D-4389-BC86-C5950E7718C0}.Release|Any CPU.Build.0 = Release|Any CPU
		{7AC9E03C-5859-4ACE-8BA9-2F313FC7F1F4}.Debug|Any CPU.ActiveCfg = Debug|Any CPU
		{7AC9E03C-5859-4ACE-8BA9-2F313FC7F1F4}.Debug|Any CPU.Build.0 = Debug|Any CPU
		{7AC9E03C-5859-4ACE-8BA9-2F313FC7F1F4}.Release|Any CPU.ActiveCfg = Release|Any CPU
		{7AC9E03C-5859-4ACE-8BA9-2F313FC7F1F4}.Release|Any CPU.Build.0 = Release|Any CPU
		{A9653E85-8F79-4569-A4C0-1D8F532E7FEA}.Debug|Any CPU.ActiveCfg = Debug|Any CPU
		{A9653E85-8F79-4569-A4C0-1D8F532E7FEA}.Debug|Any CPU.Build.0 = Debug|Any CPU
		{A9653E85-8F79-4569-A4C0-1D8F532E7FEA}.Release|Any CPU.ActiveCfg = Release|Any CPU
		{A9653E85-8F79-4569-A4C0-1D8F532E7FEA}.Release|Any CPU.Build.0 = Release|Any CPU
		{80E2969F-AAB5-4814-AFBA-5BCCD3F631F1}.Debug|Any CPU.ActiveCfg = Debug|Any CPU
		{80E2969F-AAB5-4814-AFBA-5BCCD3F631F1}.Debug|Any CPU.Build.0 = Debug|Any CPU
		{80E2969F-AAB5-4814-AFBA-5BCCD3F631F1}.Release|Any CPU.ActiveCfg = Release|Any CPU
		{80E2969F-AAB5-4814-AFBA-5BCCD3F631F1}.Release|Any CPU.Build.0 = Release|Any CPU
		{B65892FF-E9B9-493A-9F09-959948CF9992}.Debug|Any CPU.ActiveCfg = Debug|Any CPU
		{B65892FF-E9B9-493A-9F09-959948CF9992}.Debug|Any CPU.Build.0 = Debug|Any CPU
		{B65892FF-E9B9-493A-9F09-959948CF9992}.Release|Any CPU.ActiveCfg = Release|Any CPU
		{B65892FF-E9B9-493A-9F09-959948CF9992}.Release|Any CPU.Build.0 = Release|Any CPU
		{7B038B5C-303F-41FE-8509-5B4BE7B50082}.Debug|Any CPU.ActiveCfg = Debug|Any CPU
		{7B038B5C-303F-41FE-8509-5B4BE7B50082}.Debug|Any CPU.Build.0 = Debug|Any CPU
		{7B038B5C-303F-41FE-8509-5B4BE7B50082}.Release|Any CPU.ActiveCfg = Release|Any CPU
		{7B038B5C-303F-41FE-8509-5B4BE7B50082}.Release|Any CPU.Build.0 = Release|Any CPU
		{1AC42184-5A67-4453-9C9D-0EC481EAC281}.Debug|Any CPU.ActiveCfg = Debug|Any CPU
		{1AC42184-5A67-4453-9C9D-0EC481EAC281}.Debug|Any CPU.Build.0 = Debug|Any CPU
		{1AC42184-5A67-4453-9C9D-0EC481EAC281}.Release|Any CPU.ActiveCfg = Release|Any CPU
		{1AC42184-5A67-4453-9C9D-0EC481EAC281}.Release|Any CPU.Build.0 = Release|Any CPU
	EndGlobalSection
	GlobalSection(SolutionProperties) = preSolution
		HideSolutionNode = FALSE
	EndGlobalSection
	GlobalSection(ExtensibilityGlobals) = postSolution
		SolutionGuid = {463A2C32-3EE0-46A8-8BCC-055F8EDCBEE0}
	EndGlobalSection
EndGlobal
