
Microsoft Visual Studio Solution File, Format Version 12.00
# Visual Studio Version 17
VisualStudioVersion = 17.2.32519.379
MinimumVisualStudioVersion = 10.0.40219.1
Project("{9A19103F-16F7-4668-BE54-9A1E7A4F7556}") = "PrimeNumbers", "PrimeNumbers\PrimeNumbers.csproj", "{C6F12E0D-52FE-415B-B712-68241563123E}"
EndProject
Project("{FAE04EC0-301F-11D3-BF4B-00C04F79EFBC}") = "NumberRepetitionTimes", "NumberRepetitionTimes\NumberRepetitionTimes.csproj", "{8D438379-690A-42A7-8AAB-328158E20A15}"
EndProject
Global
	GlobalSection(SolutionConfigurationPlatforms) = preSolution
		Debug|Any CPU = Debug|Any CPU
		Release|Any CPU = Release|Any CPU
	EndGlobalSection
	GlobalSection(ProjectConfigurationPlatforms) = postSolution
		{C6F12E0D-52FE-415B-B712-68241563123E}.Debug|Any CPU.ActiveCfg = Debug|Any CPU
		{C6F12E0D-52FE-415B-B712-68241563123E}.Debug|Any CPU.Build.0 = Debug|Any CPU
		{C6F12E0D-52FE-415B-B712-68241563123E}.Release|Any CPU.ActiveCfg = Release|Any CPU
		{C6F12E0D-52FE-415B-B712-68241563123E}.Release|Any CPU.Build.0 = Release|Any CPU
		{8D438379-690A-42A7-8AAB-328158E20A15}.Debug|Any CPU.ActiveCfg = Debug|Any CPU
		{8D438379-690A-42A7-8AAB-328158E20A15}.Debug|Any CPU.Build.0 = Debug|Any CPU
		{8D438379-690A-42A7-8AAB-328158E20A15}.Release|Any CPU.ActiveCfg = Release|Any CPU
		{8D438379-690A-42A7-8AAB-328158E20A15}.Release|Any CPU.Build.0 = Release|Any CPU
	EndGlobalSection
	GlobalSection(SolutionProperties) = preSolution
		HideSolutionNode = FALSE
	EndGlobalSection
	GlobalSection(ExtensibilityGlobals) = postSolution
		SolutionGuid = {463A2C32-3EE0-46A8-8BCC-055F8EDCBEE0}
	EndGlobalSection
EndGlobal
